# THIS IS AN AUTOGENERATED FILE. DO NOT EDIT THIS FILE DIRECTLY.
# yarn lockfile v1


highlight.js@^11.3.1:
  version "11.3.1"
  resolved "https://registry.npmmirror.com/highlight.js/download/highlight.js-11.3.1.tgz#813078ef3aa519c61700f84fe9047231c5dc3291"
  integrity sha1-gTB47zqlGcYXAPhP6QRyMcXcMpE=

marked@^3.0.7:
  version "3.0.7"
  resolved "https://registry.npmmirror.com/marked/download/marked-3.0.7.tgz?cache=0&other_urls=https%3A%2F%2Fregistry.npmmirror.com%2Fmarked%2Fdownload%2Fmarked-3.0.7.tgz#343aad9e91b96249b495c99c512ea09cfe06de1e"
  integrity sha1-NDqtnpG5Ykm0lcmcUS6gnP4G3h4=
